
Microsoft Visual Studio Solution File, Format Version 12.00
# Visual Studio Version 16
VisualStudioVersion = 16.0.29709.97
MinimumVisualStudioVersion = 10.0.40219.1
Project("{FAE04EC0-301F-11D3-BF4B-00C04F79EFBC}") = "Antra.Traing.UI.ConsoleApp", "Antra.Traing.UI.ConsoleApp\Antra.Traing.UI.ConsoleApp.csproj", "{FC286201-CB16-498B-B030-A6C91A21841A}"
EndProject
Global
	GlobalSection(SolutionConfigurationPlatforms) = preSolution
		Debug|Any CPU = Debug|Any CPU
		Release|Any CPU = Release|Any CPU
	EndGlobalSection
	GlobalSection(ProjectConfigurationPlatforms) = postSolution
		{FC286201-CB16-498B-B030-A6C91A21841A}.Debug|Any CPU.ActiveCfg = Debug|Any CPU
		{FC286201-CB16-498B-B030-A6C91A21841A}.Debug|Any CPU.Build.0 = Debug|Any CPU
		{FC286201-CB16-498B-B030-A6C91A21841A}.Release|Any CPU.ActiveCfg = Release|Any CPU
		{FC286201-CB16-498B-B030-A6C91A21841A}.Release|Any CPU.Build.0 = Release|Any CPU
	EndGlobalSection
	GlobalSection(SolutionProperties) = preSolution
		HideSolutionNode = FALSE
	EndGlobalSection
	GlobalSection(ExtensibilityGlobals) = postSolution
		SolutionGuid = {2A7E7B89-CB4B-4E8B-9F3D-1E118541CF9C}
	EndGlobalSection
EndGlobal
